
Microsoft Visual Studio Solution File, Format Version 12.00
# Visual Studio Version 17
VisualStudioVersion = 17.10.35122.118
MinimumVisualStudioVersion = 10.0.40219.1
Project("{FAE04EC0-301F-11D3-BF4B-00C04F79EFBC}") = "CFF_Clock", "CFF_Clock\CFF_Clock.csproj", "{2A40E910-2262-4A3B-B9CE-A58ECB30F833}"
EndProject
Global
	GlobalSection(SolutionConfigurationPlatforms) = preSolution
		Debug|Any CPU = Debug|Any CPU
		Release|Any CPU = Release|Any CPU
	EndGlobalSection
	GlobalSection(ProjectConfigurationPlatforms) = postSolution
		{2A40E910-2262-4A3B-B9CE-A58ECB30F833}.Debug|Any CPU.ActiveCfg = Debug|Any CPU
		{2A40E910-2262-4A3B-B9CE-A58ECB30F833}.Debug|Any CPU.Build.0 = Debug|Any CPU
		{2A40E910-2262-4A3B-B9CE-A58ECB30F833}.Release|Any CPU.ActiveCfg = Release|Any CPU
		{2A40E910-2262-4A3B-B9CE-A58ECB30F833}.Release|Any CPU.Build.0 = Release|Any CPU
	EndGlobalSection
	GlobalSection(SolutionProperties) = preSolution
		HideSolutionNode = FALSE
	EndGlobalSection
	GlobalSection(ExtensibilityGlobals) = postSolution
		SolutionGuid = {1E1F1CF3-EDD7-446A-84A4-CB32607AAF5F}
	EndGlobalSection
EndGlobal
